
Microsoft Visual Studio Solution File, Format Version 12.00
# Visual Studio 15
VisualStudioVersion = 15.0.28307.705
MinimumVisualStudioVersion = 10.0.40219.1
Project("{FAE04EC0-301F-11D3-BF4B-00C04F79EFBC}") = "SapDotNetAngular", "SapDotNetAngular\SapDotNetAngular.csproj", "{0719D0D3-83FF-440C-85B4-CDEC101E0CF6}"
EndProject
Global
	GlobalSection(SolutionConfigurationPlatforms) = preSolution
		Debug|Any CPU = Debug|Any CPU
		Release|Any CPU = Release|Any CPU
	EndGlobalSection
	GlobalSection(ProjectConfigurationPlatforms) = postSolution
		{0719D0D3-83FF-440C-85B4-CDEC101E0CF6}.Debug|Any CPU.ActiveCfg = Debug|Any CPU
		{0719D0D3-83FF-440C-85B4-CDEC101E0CF6}.Debug|Any CPU.Build.0 = Debug|Any CPU
		{0719D0D3-83FF-440C-85B4-CDEC101E0CF6}.Release|Any CPU.ActiveCfg = Release|Any CPU
		{0719D0D3-83FF-440C-85B4-CDEC101E0CF6}.Release|Any CPU.Build.0 = Release|Any CPU
	EndGlobalSection
	GlobalSection(SolutionProperties) = preSolution
		HideSolutionNode = FALSE
	EndGlobalSection
	GlobalSection(ExtensibilityGlobals) = postSolution
		SolutionGuid = {2C6A048A-0373-4C24-AAF0-DBC0CBF1DCDD}
	EndGlobalSection
EndGlobal
